
Microsoft Visual Studio Solution File, Format Version 12.00
# Visual Studio Version 17
VisualStudioVersion = 17.4.33213.308
MinimumVisualStudioVersion = 10.0.40219.1
Project("{FAE04EC0-301F-11D3-BF4B-00C04F79EFBC}") = "Calculadora_Proyecto", "Calculadora_Proyecto.csproj", "{78641A5D-791D-45EC-A4E0-50EFD1F88ABD}"
EndProject
Global
	GlobalSection(SolutionConfigurationPlatforms) = preSolution
		Debug|Any CPU = Debug|Any CPU
		Release|Any CPU = Release|Any CPU
	EndGlobalSection
	GlobalSection(ProjectConfigurationPlatforms) = postSolution
		{78641A5D-791D-45EC-A4E0-50EFD1F88ABD}.Debug|Any CPU.ActiveCfg = Debug|Any CPU
		{78641A5D-791D-45EC-A4E0-50EFD1F88ABD}.Debug|Any CPU.Build.0 = Debug|Any CPU
		{78641A5D-791D-45EC-A4E0-50EFD1F88ABD}.Release|Any CPU.ActiveCfg = Release|Any CPU
		{78641A5D-791D-45EC-A4E0-50EFD1F88ABD}.Release|Any CPU.Build.0 = Release|Any CPU
	EndGlobalSection
	GlobalSection(SolutionProperties) = preSolution
		HideSolutionNode = FALSE
	EndGlobalSection
	GlobalSection(ExtensibilityGlobals) = postSolution
		SolutionGuid = {296D701D-8DAB-42EC-8C35-2C2483548776}
	EndGlobalSection
EndGlobal
